
Microsoft Visual Studio Solution File, Format Version 12.00
# Visual Studio Version 16
VisualStudioVersion = 16.0.29911.84
MinimumVisualStudioVersion = 10.0.40219.1
Project("{FAE04EC0-301F-11D3-BF4B-00C04F79EFBC}") = "MascotaVirtual", "MascotaVirtual\MascotaVirtual.csproj", "{B4526B94-3FBD-4DD9-AE3E-2E0090C9082C}"
EndProject
Global
	GlobalSection(SolutionConfigurationPlatforms) = preSolution
		Debug|Any CPU = Debug|Any CPU
		Release|Any CPU = Release|Any CPU
	EndGlobalSection
	GlobalSection(ProjectConfigurationPlatforms) = postSolution
		{B4526B94-3FBD-4DD9-AE3E-2E0090C9082C}.Debug|Any CPU.ActiveCfg = Debug|Any CPU
		{B4526B94-3FBD-4DD9-AE3E-2E0090C9082C}.Debug|Any CPU.Build.0 = Debug|Any CPU
		{B4526B94-3FBD-4DD9-AE3E-2E0090C9082C}.Debug|Any CPU.Deploy.0 = Debug|Any CPU
		{B4526B94-3FBD-4DD9-AE3E-2E0090C9082C}.Release|Any CPU.ActiveCfg = Release|Any CPU
		{B4526B94-3FBD-4DD9-AE3E-2E0090C9082C}.Release|Any CPU.Build.0 = Release|Any CPU
		{B4526B94-3FBD-4DD9-AE3E-2E0090C9082C}.Release|Any CPU.Deploy.0 = Release|Any CPU
	EndGlobalSection
	GlobalSection(SolutionProperties) = preSolution
		HideSolutionNode = FALSE
	EndGlobalSection
	GlobalSection(ExtensibilityGlobals) = postSolution
		SolutionGuid = {5890CBEE-94DE-4E1B-AC5B-943A75907A63}
	EndGlobalSection
EndGlobal
